
Microsoft Visual Studio Solution File, Format Version 12.00
# Visual Studio Version 16
VisualStudioVersion = 16.0.31424.327
MinimumVisualStudioVersion = 10.0.40219.1
Project("{FAE04EC0-301F-11D3-BF4B-00C04F79EFBC}") = "Studentinformation.WebApi", "Studentinformation.WebApi\Studentinformation.WebApi.csproj", "{04A1583B-DEBE-4F03-9634-56C35DBC3AF6}"
EndProject
Project("{FAE04EC0-301F-11D3-BF4B-00C04F79EFBC}") = "Studentinformation.Core", "Studentinformation.Core\Studentinformation.Core.csproj", "{57E22872-4977-4433-9FDD-E08DB9F58539}"
EndProject
Global
	GlobalSection(SolutionConfigurationPlatforms) = preSolution
		Debug|Any CPU = Debug|Any CPU
		Release|Any CPU = Release|Any CPU
	EndGlobalSection
	GlobalSection(ProjectConfigurationPlatforms) = postSolution
		{04A1583B-DEBE-4F03-9634-56C35DBC3AF6}.Debug|Any CPU.ActiveCfg = Debug|Any CPU
		{04A1583B-DEBE-4F03-9634-56C35DBC3AF6}.Debug|Any CPU.Build.0 = Debug|Any CPU
		{04A1583B-DEBE-4F03-9634-56C35DBC3AF6}.Release|Any CPU.ActiveCfg = Release|Any CPU
		{04A1583B-DEBE-4F03-9634-56C35DBC3AF6}.Release|Any CPU.Build.0 = Release|Any CPU
		{57E22872-4977-4433-9FDD-E08DB9F58539}.Debug|Any CPU.ActiveCfg = Debug|Any CPU
		{57E22872-4977-4433-9FDD-E08DB9F58539}.Debug|Any CPU.Build.0 = Debug|Any CPU
		{57E22872-4977-4433-9FDD-E08DB9F58539}.Release|Any CPU.ActiveCfg = Release|Any CPU
		{57E22872-4977-4433-9FDD-E08DB9F58539}.Release|Any CPU.Build.0 = Release|Any CPU
	EndGlobalSection
	GlobalSection(SolutionProperties) = preSolution
		HideSolutionNode = FALSE
	EndGlobalSection
	GlobalSection(ExtensibilityGlobals) = postSolution
		SolutionGuid = {CD7BF2A7-692F-46BB-BEFD-3FC7A69D32B3}
	EndGlobalSection
EndGlobal
